# @generated by Move, please check-in and do not edit manually.

[move]
version = 3
manifest_digest = "80E27BD2113D5098FEE8C443F55C3C46BEFF195CDCE950F5B4844CF92A3E9AA6"
deps_digest = "060AD7E57DFB13104F21BE5F5C3759D03F0553FC3229247D9A7A6B45F50D03A3"
dependencies = [
  { id = "Kiosk", name = "Kiosk" },
  { id = "MoveStdlib", name = "MoveStdlib" },
  { id = "Sui", name = "Sui" },
]

[[move.package]]
id = "Kiosk"
source = { git = "https://github.com/MystenLabs/apps.git", rev = "main", subdir = "kiosk" }

dependencies = [
  { id = "Sui", name = "Sui" },
]

[[move.package]]
id = "MoveStdlib"
source = { git = "https://github.com/MystenLabs/sui.git", rev = "framework/mainnet", subdir = "crates/sui-framework/packages/move-stdlib" }

[[move.package]]
id = "Sui"
source = { git = "https://github.com/MystenLabs/sui.git", rev = "framework/mainnet", subdir = "crates/sui-framework/packages/sui-framework" }

dependencies = [
  { id = "MoveStdlib", name = "MoveStdlib" },
]

[move.toolchain-version]
compiler-version = "1.42.2"
edition = "2024.beta"
flavor = "sui"

[env]

[env.mainnet]
chain-id = "35834a8a"
original-published-id = "0xa2d1ba7b27360836b9bd5ca13e196acdf9a1d97ece8324ba46f7e848ad339e39"
latest-published-id = "0xa2d1ba7b27360836b9bd5ca13e196acdf9a1d97ece8324ba46f7e848ad339e39"
published-version = "1"
